
Microsoft Visual Studio Solution File, Format Version 12.00
# Visual Studio Version 16
VisualStudioVersion = 16.0.31729.503
MinimumVisualStudioVersion = 10.0.40219.1
Project("{FAE04EC0-301F-11D3-BF4B-00C04F79EFBC}") = "ProcessKillerWinForm", "ProcessKillerWinForm\ProcessKillerWinForm.csproj", "{F1EC2C28-4913-41F7-B973-FBA179E74560}"
EndProject
Global
	GlobalSection(SolutionConfigurationPlatforms) = preSolution
		Debug|Any CPU = Debug|Any CPU
		Release|Any CPU = Release|Any CPU
	EndGlobalSection
	GlobalSection(ProjectConfigurationPlatforms) = postSolution
		{F1EC2C28-4913-41F7-B973-FBA179E74560}.Debug|Any CPU.ActiveCfg = Debug|Any CPU
		{F1EC2C28-4913-41F7-B973-FBA179E74560}.Debug|Any CPU.Build.0 = Debug|Any CPU
		{F1EC2C28-4913-41F7-B973-FBA179E74560}.Release|Any CPU.ActiveCfg = Release|Any CPU
		{F1EC2C28-4913-41F7-B973-FBA179E74560}.Release|Any CPU.Build.0 = Release|Any CPU
	EndGlobalSection
	GlobalSection(SolutionProperties) = preSolution
		HideSolutionNode = FALSE
	EndGlobalSection
	GlobalSection(ExtensibilityGlobals) = postSolution
		SolutionGuid = {6D1D5059-FF8C-4668-97C5-CF8D0D9F8BAE}
	EndGlobalSection
EndGlobal
